
Microsoft Visual Studio Solution File, Format Version 12.00
# Visual Studio Version 16
VisualStudioVersion = 16.0.30621.155
MinimumVisualStudioVersion = 10.0.40219.1
Project("{8BC9CEB8-8B4A-11D0-8D11-00A0C91BC942}") = "dbj", "dbj.vcxproj", "{DA4E6ADB-6A01-4FD1-AF41-23958AD66533}"
EndProject
Global
	GlobalSection(SolutionConfigurationPlatforms) = preSolution
		Debug|x64 = Debug|x64
		Debug|x86 = Debug|x86
		Release|x64 = Release|x64
		Release|x86 = Release|x86
	EndGlobalSection
	GlobalSection(ProjectConfigurationPlatforms) = postSolution
		{DA4E6ADB-6A01-4FD1-AF41-23958AD66533}.Debug|x64.ActiveCfg = Debug|x64
		{DA4E6ADB-6A01-4FD1-AF41-23958AD66533}.Debug|x64.Build.0 = Debug|x64
		{DA4E6ADB-6A01-4FD1-AF41-23958AD66533}.Debug|x86.ActiveCfg = Debug|Win32
		{DA4E6ADB-6A01-4FD1-AF41-23958AD66533}.Debug|x86.Build.0 = Debug|Win32
		{DA4E6ADB-6A01-4FD1-AF41-23958AD66533}.Release|x64.ActiveCfg = Release|x64
		{DA4E6ADB-6A01-4FD1-AF41-23958AD66533}.Release|x64.Build.0 = Release|x64
		{DA4E6ADB-6A01-4FD1-AF41-23958AD66533}.Release|x86.ActiveCfg = Release|Win32
		{DA4E6ADB-6A01-4FD1-AF41-23958AD66533}.Release|x86.Build.0 = Release|Win32
	EndGlobalSection
	GlobalSection(SolutionProperties) = preSolution
		HideSolutionNode = FALSE
	EndGlobalSection
	GlobalSection(ExtensibilityGlobals) = postSolution
		SolutionGuid = {843626AA-D0FF-4A4B-8E74-D4DDCD2A59E1}
	EndGlobalSection
EndGlobal
